
Microsoft Visual Studio Solution File, Format Version 12.00
# Visual Studio 15
VisualStudioVersion = 15.0.26730.16
MinimumVisualStudioVersion = 10.0.40219.1
Project("{888888A0-9F3D-457C-B088-3A5042F75D52}") = "Hangman", "Hangman\hangman.pyproj", "{76789B61-6D15-40BF-B2FA-B5A81806DBE7}"
EndProject
Global
	GlobalSection(SolutionConfigurationPlatforms) = preSolution
		Debug|Any CPU = Debug|Any CPU
		Release|Any CPU = Release|Any CPU
	EndGlobalSection
	GlobalSection(ProjectConfigurationPlatforms) = postSolution
		{76789B61-6D15-40BF-B2FA-B5A81806DBE7}.Debug|Any CPU.ActiveCfg = Debug|Any CPU
		{76789B61-6D15-40BF-B2FA-B5A81806DBE7}.Release|Any CPU.ActiveCfg = Release|Any CPU
	EndGlobalSection
	GlobalSection(SolutionProperties) = preSolution
		HideSolutionNode = FALSE
	EndGlobalSection
	GlobalSection(ExtensibilityGlobals) = postSolution
		SolutionGuid = {2B4F7FD4-EC4F-471A-BBB0-E8A66B88A42D}
	EndGlobalSection
EndGlobal
